<Solution>
  <Folder Name="/Solution Items/">
    <File Path="README.md" />
    <File Path="CLAUDE.md" />
    <File Path="Dockerfile" />
  </Folder>
  <Folder Name="/src/">
    <Project Path="src/LupiraMapsBff/LupiraMapsBff.csproj" />
  </Folder>
  <Folder Name="/tests/">
    <Project Path="tests/LupiraMapsBff.UnitTests/LupiraMapsBff.UnitTests.csproj" />
  </Folder>
</Solution>
